
Microsoft Visual Studio Solution File, Format Version 12.00
# Visual Studio Version 17
VisualStudioVersion = 17.5.002.0
MinimumVisualStudioVersion = 10.0.40219.1
Project("{9A19103F-16F7-4668-BE54-9A1E7A4F7556}") = "AppConHilosATM", "AppConHilosATM.csproj", "{C2D261AD-0244-44B4-B8E9-015324443335}"
EndProject
Global
	GlobalSection(SolutionConfigurationPlatforms) = preSolution
		Debug|Any CPU = Debug|Any CPU
		Release|Any CPU = Release|Any CPU
	EndGlobalSection
	GlobalSection(ProjectConfigurationPlatforms) = postSolution
		{C2D261AD-0244-44B4-B8E9-015324443335}.Debug|Any CPU.ActiveCfg = Debug|Any CPU
		{C2D261AD-0244-44B4-B8E9-015324443335}.Debug|Any CPU.Build.0 = Debug|Any CPU
		{C2D261AD-0244-44B4-B8E9-015324443335}.Release|Any CPU.ActiveCfg = Release|Any CPU
		{C2D261AD-0244-44B4-B8E9-015324443335}.Release|Any CPU.Build.0 = Release|Any CPU
	EndGlobalSection
	GlobalSection(SolutionProperties) = preSolution
		HideSolutionNode = FALSE
	EndGlobalSection
	GlobalSection(ExtensibilityGlobals) = postSolution
		SolutionGuid = {66A3308A-EF92-4850-98A3-6364807F4924}
	EndGlobalSection
EndGlobal
